
Microsoft Visual Studio Solution File, Format Version 12.00
# Visual Studio Version 16
VisualStudioVersion = 16.0.30611.23
MinimumVisualStudioVersion = 10.0.40219.1
Project("{FAE04EC0-301F-11D3-BF4B-00C04F79EFBC}") = "dotNet5781_01_4484_2389", "dotNet5781_01_4484_2389\dotNet5781_01_4484_2389.csproj", "{61FB90C0-14A8-4778-A666-D9153230AF43}"
EndProject
Global
	GlobalSection(SolutionConfigurationPlatforms) = preSolution
		Debug|Any CPU = Debug|Any CPU
		Release|Any CPU = Release|Any CPU
	EndGlobalSection
	GlobalSection(ProjectConfigurationPlatforms) = postSolution
		{61FB90C0-14A8-4778-A666-D9153230AF43}.Debug|Any CPU.ActiveCfg = Debug|Any CPU
		{61FB90C0-14A8-4778-A666-D9153230AF43}.Debug|Any CPU.Build.0 = Debug|Any CPU
		{61FB90C0-14A8-4778-A666-D9153230AF43}.Release|Any CPU.ActiveCfg = Release|Any CPU
		{61FB90C0-14A8-4778-A666-D9153230AF43}.Release|Any CPU.Build.0 = Release|Any CPU
	EndGlobalSection
	GlobalSection(SolutionProperties) = preSolution
		HideSolutionNode = FALSE
	EndGlobalSection
	GlobalSection(ExtensibilityGlobals) = postSolution
		SolutionGuid = {AC1F5F38-A874-48D8-9346-040FEEB80830}
	EndGlobalSection
EndGlobal
