
Microsoft Visual Studio Solution File, Format Version 12.00
# Visual Studio Version 16
VisualStudioVersion = 16.0.30611.23
MinimumVisualStudioVersion = 10.0.40219.1
Project("{FAE04EC0-301F-11D3-BF4B-00C04F79EFBC}") = "dotNet5781_00_4484_2389", "dotNet5781_00_4484_2389\dotNet5781_00_4484_2389.csproj", "{E0295C2A-DCA5-4DB2-8461-005AF512BD6B}"
EndProject
Project("{FAE04EC0-301F-11D3-BF4B-00C04F79EFBC}") = "dotNet5781_01_4484_2389", "dotNet5781_01_4484_2389\dotNet5781_01_4484_2389.csproj", "{BB349CDE-445E-4B5D-BDD9-D927D481F4B0}"
EndProject
Project("{FAE04EC0-301F-11D3-BF4B-00C04F79EFBC}") = "dotNet5781_02_4484_2389", "dotNet5781_02_4484_2389\dotNet5781_02_4484_2389.csproj", "{CF5F0674-6C4C-45A3-A530-770D559BA64A}"
EndProject
Project("{FAE04EC0-301F-11D3-BF4B-00C04F79EFBC}") = "WpfApp1", "WpfApp1\WpfApp1.csproj", "{95A8CA3A-D3C0-47E0-8859-48E48DE49AEA}"
EndProject
Global
	GlobalSection(SolutionConfigurationPlatforms) = preSolution
		Debug|Any CPU = Debug|Any CPU
		Release|Any CPU = Release|Any CPU
	EndGlobalSection
	GlobalSection(ProjectConfigurationPlatforms) = postSolution
		{E0295C2A-DCA5-4DB2-8461-005AF512BD6B}.Debug|Any CPU.ActiveCfg = Debug|Any CPU
		{E0295C2A-DCA5-4DB2-8461-005AF512BD6B}.Debug|Any CPU.Build.0 = Debug|Any CPU
		{E0295C2A-DCA5-4DB2-8461-005AF512BD6B}.Release|Any CPU.ActiveCfg = Release|Any CPU
		{E0295C2A-DCA5-4DB2-8461-005AF512BD6B}.Release|Any CPU.Build.0 = Release|Any CPU
		{BB349CDE-445E-4B5D-BDD9-D927D481F4B0}.Debug|Any CPU.ActiveCfg = Debug|Any CPU
		{BB349CDE-445E-4B5D-BDD9-D927D481F4B0}.Debug|Any CPU.Build.0 = Debug|Any CPU
		{BB349CDE-445E-4B5D-BDD9-D927D481F4B0}.Release|Any CPU.ActiveCfg = Release|Any CPU
		{BB349CDE-445E-4B5D-BDD9-D927D481F4B0}.Release|Any CPU.Build.0 = Release|Any CPU
		{CF5F0674-6C4C-45A3-A530-770D559BA64A}.Debug|Any CPU.ActiveCfg = Debug|Any CPU
		{CF5F0674-6C4C-45A3-A530-770D559BA64A}.Debug|Any CPU.Build.0 = Debug|Any CPU
		{CF5F0674-6C4C-45A3-A530-770D559BA64A}.Release|Any CPU.ActiveCfg = Release|Any CPU
		{CF5F0674-6C4C-45A3-A530-770D559BA64A}.Release|Any CPU.Build.0 = Release|Any CPU
		{95A8CA3A-D3C0-47E0-8859-48E48DE49AEA}.Debug|Any CPU.ActiveCfg = Debug|Any CPU
		{95A8CA3A-D3C0-47E0-8859-48E48DE49AEA}.Debug|Any CPU.Build.0 = Debug|Any CPU
		{95A8CA3A-D3C0-47E0-8859-48E48DE49AEA}.Release|Any CPU.ActiveCfg = Release|Any CPU
		{95A8CA3A-D3C0-47E0-8859-48E48DE49AEA}.Release|Any CPU.Build.0 = Release|Any CPU
	EndGlobalSection
	GlobalSection(SolutionProperties) = preSolution
		HideSolutionNode = FALSE
	EndGlobalSection
	GlobalSection(ExtensibilityGlobals) = postSolution
		SolutionGuid = {AF519E9B-693D-471C-AA59-629537FA95BA}
	EndGlobalSection
EndGlobal
